// !$*UTF8*$!
{
	archiveVersion = 1;
	classes = {
	};
	objectVersion = 50;
	objects = {

/* Begin PBXBuildFile section */
		66BB551C25F87BE300AF6B82 /* AppDelegate.swift in Sources */ = {isa = PBXBuildFile; fileRef = 66BB551B25F87BE300AF6B82 /* AppDelegate.swift */; };
		66BB551E25F87BE300AF6B82 /* SceneDelegate.swift in Sources */ = {isa = PBXBuildFile; fileRef = 66BB551D25F87BE300AF6B82 /* SceneDelegate.swift */; };
		66BB552025F87BE300AF6B82 /* ViewController.swift in Sources */ = {isa = PBXBuildFile; fileRef = 66BB551F25F87BE300AF6B82 /* ViewController.swift */; };
		66BB552325F87BE300AF6B82 /* Main.storyboard in Resources */ = {isa = PBXBuildFile; fileRef = 66BB552125F87BE300AF6B82 /* Main.storyboard */; };
		66BB552625F87BE300AF6B82 /* DemoTableView_7.xcdatamodeld in Sources */ = {isa = PBXBuildFile; fileRef = 66BB552425F87BE300AF6B82 /* DemoTableView_7.xcdatamodeld */; };
		66BB552825F87BE400AF6B82 /* Assets.xcassets in Resources */ = {isa = PBXBuildFile; fileRef = 66BB552725F87BE400AF6B82 /* Assets.xcassets */; };
		66BB552B25F87BE400AF6B82 /* LaunchScreen.storyboard in Resources */ = {isa = PBXBuildFile; fileRef = 66BB552925F87BE400AF6B82 /* LaunchScreen.storyboard */; };
/* End PBXBuildFile section */

/* Begin PBXFileReference section */
		66BB551825F87BE300AF6B82 /* DemoTableView.7.app */ = {isa = PBXFileReference; explicitFileType = wrapper.application; includeInIndex = 0; path = DemoTableView.7.app; sourceTree = BUILT_PRODUCTS_DIR; };
		66BB551B25F87BE300AF6B82 /* AppDelegate.swift */ = {isa = PBXFileReference; lastKnownFileType = sourcecode.swift; path = AppDelegate.swift; sourceTree = "<group>"; };
		66BB551D25F87BE300AF6B82 /* SceneDelegate.swift */ = {isa = PBXFileReference; lastKnownFileType = sourcecode.swift; path = SceneDelegate.swift; sourceTree = "<group>"; };
		66BB551F25F87BE300AF6B82 /* ViewController.swift */ = {isa = PBXFileReference; lastKnownFileType = sourcecode.swift; path = ViewController.swift; sourceTree = "<group>"; };
		66BB552225F87BE300AF6B82 /* Base */ = {isa = PBXFileReference; lastKnownFileType = file.storyboard; name = Base; path = Base.lproj/Main.storyboard; sourceTree = "<group>"; };
		66BB552525F87BE300AF6B82 /* DemoTableView_7.xcdatamodel */ = {isa = PBXFileReference; lastKnownFileType = wrapper.xcdatamodel; path = DemoTableView_7.xcdatamodel; sourceTree = "<group>"; };
		66BB552725F87BE400AF6B82 /* Assets.xcassets */ = {isa = PBXFileReference; lastKnownFileType = folder.assetcatalog; path = Assets.xcassets; sourceTree = "<group>"; };
		66BB552A25F87BE400AF6B82 /* Base */ = {isa = PBXFileReference; lastKnownFileType = file.storyboard; name = Base; path = Base.lproj/LaunchScreen.storyboard; sourceTree = "<group>"; };
		66BB552C25F87BE400AF6B82 /* Info.plist */ = {isa = PBXFileReference; lastKnownFileType = text.plist.xml; path = Info.plist; sourceTree = "<group>"; };
/* End PBXFileReference section */

/* Begin PBXFrameworksBuildPhase section */
		66BB551525F87BE300AF6B82 /* Frameworks */ = {
			isa = PBXFrameworksBuildPhase;
			buildActionMask = 2147483647;
			files = (
			);
			runOnlyForDeploymentPostprocessing = 0;
		};
/* End PBXFrameworksBuildPhase section */

/* Begin PBXGroup section */
		66BB550F25F87BE200AF6B82 = {
			isa = PBXGroup;
			children = (
				66BB551A25F87BE300AF6B82 /* DemoTableView.7 */,
				66BB551925F87BE300AF6B82 /* Products */,
			);
			sourceTree = "<group>";
		};
		66BB551925F87BE300AF6B82 /* Products */ = {
			isa = PBXGroup;
			children = (
				66BB551825F87BE300AF6B82 /* DemoTableView.7.app */,
			);
			name = Products;
			sourceTree = "<group>";
		};
		66BB551A25F87BE300AF6B82 /* DemoTableView.7 */ = {
			isa = PBXGroup;
			children = (
				66BB551B25F87BE300AF6B82 /* AppDelegate.swift */,
				66BB551D25F87BE300AF6B82 /* SceneDelegate.swift */,
				66BB551F25F87BE300AF6B82 /* ViewController.swift */,
				66BB552125F87BE300AF6B82 /* Main.storyboard */,
				66BB552725F87BE400AF6B82 /* Assets.xcassets */,
				66BB552925F87BE400AF6B82 /* LaunchScreen.storyboard */,
				66BB552C25F87BE400AF6B82 /* Info.plist */,
				66BB552425F87BE300AF6B82 /* DemoTableView_7.xcdatamodeld */,
			);
			path = DemoTableView.7;
			sourceTree = "<group>";
		};
/* End PBXGroup section */

/* Begin PBXNativeTarget section */
		66BB551725F87BE300AF6B82 /* DemoTableView.7 */ = {
			isa = PBXNativeTarget;
			buildConfigurationList = 66BB552F25F87BE400AF6B82 /* Build configuration list for PBXNativeTarget "DemoTableView.7" */;
			buildPhases = (
				66BB551425F87BE300AF6B82 /* Sources */,
				66BB551525F87BE300AF6B82 /* Frameworks */,
				66BB551625F87BE300AF6B82 /* Resources */,
			);
			buildRules = (
			);
			dependencies = (
			);
			name = DemoTableView.7;
			productName = DemoTableView.7;
			productReference = 66BB551825F87BE300AF6B82 /* DemoTableView.7.app */;
			productType = "com.apple.product-type.application";
		};
/* End PBXNativeTarget section */

/* Begin PBXProject section */
		66BB551025F87BE200AF6B82 /* Project object */ = {
			isa = PBXProject;
			attributes = {
				LastSwiftUpdateCheck = 1230;
				LastUpgradeCheck = 1230;
				TargetAttributes = {
					66BB551725F87BE300AF6B82 = {
						CreatedOnToolsVersion = 12.3;
					};
				};
			};
			buildConfigurationList = 66BB551325F87BE200AF6B82 /* Build configuration list for PBXProject "DemoTableView.7" */;
			compatibilityVersion = "Xcode 9.3";
			developmentRegion = en;
			hasScannedForEncodings = 0;
			knownRegions = (
				en,
				Base,
			);
			mainGroup = 66BB550F25F87BE200AF6B82;
			productRefGroup = 66BB551925F87BE300AF6B82 /* Products */;
			projectDirPath = "";
			projectRoot = "";
			targets = (
				66BB551725F87BE300AF6B82 /* DemoTableView.7 */,
			);
		};
/* End PBXProject section */

/* Begin PBXResourcesBuildPhase section */
		66BB551625F87BE300AF6B82 /* Resources */ = {
			isa = PBXResourcesBuildPhase;
			buildActionMask = 2147483647;
			files = (
				66BB552B25F87BE400AF6B82 /* LaunchScreen.storyboard in Resources */,
				66BB552825F87BE400AF6B82 /* Assets.xcassets in Resources */,
				66BB552325F87BE300AF6B82 /* Main.storyboard in Resources */,
			);
			runOnlyForDeploymentPostprocessing = 0;
		};
/* End PBXResourcesBuildPhase section */

/* Begin PBXSourcesBuildPhase section */
		66BB551425F87BE300AF6B82 /* Sources */ = {
			isa = PBXSourcesBuildPhase;
			buildActionMask = 2147483647;
			files = (
				66BB552025F87BE300AF6B82 /* ViewController.swift in Sources */,
				66BB551C25F87BE300AF6B82 /* AppDelegate.swift in Sources */,
				66BB552625F87BE300AF6B82 /* DemoTableView_7.xcdatamodeld in Sources */,
				66BB551E25F87BE300AF6B82 /* SceneDelegate.swift in Sources */,
			);
			runOnlyForDeploymentPostprocessing = 0;
		};
/* End PBXSourcesBuildPhase section */

/* Begin PBXVariantGroup section */
		66BB552125F87BE300AF6B82 /* Main.storyboard */ = {
			isa = PBXVariantGroup;
			children = (
				66BB552225F87BE300AF6B82 /* Base */,
			);
			name = Main.storyboard;
			sourceTree = "<group>";
		};
		66BB552925F87BE400AF6B82 /* LaunchScreen.storyboard */ = {
			isa = PBXVariantGroup;
			children = (
				66BB552A25F87BE400AF6B82 /* Base */,
			);
			name = LaunchScreen.storyboard;
			sourceTree = "<group>";
		};
/* End PBXVariantGroup section */

/* Begin XCBuildConfiguration section */
		66BB552D25F87BE400AF6B82 /* Debug */ = {
			isa = XCBuildConfiguration;
			buildSettings = {
				ALWAYS_SEARCH_USER_PATHS = NO;
				CLANG_ANALYZER_NONNULL = YES;
				CLANG_ANALYZER_NUMBER_OBJECT_CONVERSION = YES_AGGRESSIVE;
				CLANG_CXX_LANGUAGE_STANDARD = "gnu++14";
				CLANG_CXX_LIBRARY = "libc++";
				CLANG_ENABLE_MODULES = YES;
				CLANG_ENABLE_OBJC_ARC = YES;
				CLANG_ENABLE_OBJC_WEAK = YES;
				CLANG_WARN_BLOCK_CAPTURE_AUTORELEASING = YES;
				CLANG_WARN_BOOL_CONVERSION = YES;
				CLANG_WARN_COMMA = YES;
				CLANG_WARN_CONSTANT_CONVERSION = YES;
				CLANG_WARN_DEPRECATED_OBJC_IMPLEMENTATIONS = YES;
				CLANG_WARN_DIRECT_OBJC_ISA_USAGE = YES_ERROR;
				CLANG_WARN_DOCUMENTATION_COMMENTS = YES;
				CLANG_WARN_EMPTY_BODY = YES;
				CLANG_WARN_ENUM_CONVERSION = YES;
				CLANG_WARN_INFINITE_RECURSION = YES;
				CLANG_WARN_INT_CONVERSION = YES;
				CLANG_WARN_NON_LITERAL_NULL_CONVERSION = YES;
				CLANG_WARN_OBJC_IMPLICIT_RETAIN_SELF = YES;
				CLANG_WARN_OBJC_LITERAL_CONVERSION = YES;
				CLANG_WARN_OBJC_ROOT_CLASS = YES_ERROR;
				CLANG_WARN_QUOTED_INCLUDE_IN_FRAMEWORK_HEADER = YES;
				CLANG_WARN_RANGE_LOOP_ANALYSIS = YES;
				CLANG_WARN_STRICT_PROTOTYPES = YES;
				CLANG_WARN_SUSPICIOUS_MOVE = YES;
				CLANG_WARN_UNGUARDED_AVAILABILITY = YES_AGGRESSIVE;
				CLANG_WARN_UNREACHABLE_CODE = YES;
				CLANG_WARN__DUPLICATE_METHOD_MATCH = YES;
				COPY_PHASE_STRIP = NO;
				DEBUG_INFORMATION_FORMAT = dwarf;
				ENABLE_STRICT_OBJC_MSGSEND = YES;
				ENABLE_TESTABILITY = YES;
				GCC_C_LANGUAGE_STANDARD = gnu11;
				GCC_DYNAMIC_NO_PIC = NO;
				GCC_NO_COMMON_BLOCKS = YES;
				GCC_OPTIMIZATION_LEVEL = 0;
				GCC_PREPROCESSOR_DEFINITIONS = (
					"DEBUG=1",
					"$(inherited)",
				);
				GCC_WARN_64_TO_32_BIT_CONVERSION = YES;
				GCC_WARN_ABOUT_RETURN_TYPE = YES_ERROR;
				GCC_WARN_UNDECLARED_SELECTOR = YES;
				GCC_WARN_UNINITIALIZED_AUTOS = YES_AGGRESSIVE;
				GCC_WARN_UNUSED_FUNCTION = YES;
				GCC_WARN_UNUSED_VARIABLE = YES;
				IPHONEOS_DEPLOYMENT_TARGET = 14.3;
				MTL_ENABLE_DEBUG_INFO = INCLUDE_SOURCE;
				MTL_FAST_MATH = YES;
				ONLY_ACTIVE_ARCH = YES;
				SDKROOT = iphoneos;
				SWIFT_ACTIVE_COMPILATION_CONDITIONS = DEBUG;
				SWIFT_OPTIMIZATION_LEVEL = "-Onone";
			};
			name = Debug;
		};
		66BB552E25F87BE400AF6B82 /* Release */ = {
			isa = XCBuildConfiguration;
			buildSettings = {
				ALWAYS_SEARCH_USER_PATHS = NO;
				CLANG_ANALYZER_NONNULL = YES;
				CLANG_ANALYZER_NUMBER_OBJECT_CONVERSION = YES_AGGRESSIVE;
				CLANG_CXX_LANGUAGE_STANDARD = "gnu++14";
				CLANG_CXX_LIBRARY = "libc++";
				CLANG_ENABLE_MODULES = YES;
				CLANG_ENABLE_OBJC_ARC = YES;
				CLANG_ENABLE_OBJC_WEAK = YES;
				CLANG_WARN_BLOCK_CAPTURE_AUTORELEASING = YES;
				CLANG_WARN_BOOL_CONVERSION = YES;
				CLANG_WARN_COMMA = YES;
				CLANG_WARN_CONSTANT_CONVERSION = YES;
				CLANG_WARN_DEPRECATED_OBJC_IMPLEMENTATIONS = YES;
				CLANG_WARN_DIRECT_OBJC_ISA_USAGE = YES_ERROR;
				CLANG_WARN_DOCUMENTATION_COMMENTS = YES;
				CLANG_WARN_EMPTY_BODY = YES;
				CLANG_WARN_ENUM_CONVERSION = YES;
				CLANG_WARN_INFINITE_RECURSION = YES;
				CLANG_WARN_INT_CONVERSION = YES;
				CLANG_WARN_NON_LITERAL_NULL_CONVERSION = YES;
				CLANG_WARN_OBJC_IMPLICIT_RETAIN_SELF = YES;
				CLANG_WARN_OBJC_LITERAL_CONVERSION = YES;
				CLANG_WARN_OBJC_ROOT_CLASS = YES_ERROR;
				CLANG_WARN_QUOTED_INCLUDE_IN_FRAMEWORK_HEADER = YES;
				CLANG_WARN_RANGE_LOOP_ANALYSIS = YES;
				CLANG_WARN_STRICT_PROTOTYPES = YES;
				CLANG_WARN_SUSPICIOUS_MOVE = YES;
				CLANG_WARN_UNGUARDED_AVAILABILITY = YES_AGGRESSIVE;
				CLANG_WARN_UNREACHABLE_CODE = YES;
				CLANG_WARN__DUPLICATE_METHOD_MATCH = YES;
				COPY_PHASE_STRIP = NO;
				DEBUG_INFORMATION_FORMAT = "dwarf-with-dsym";
				ENABLE_NS_ASSERTIONS = NO;
				ENABLE_STRICT_OBJC_MSGSEND = YES;
				GCC_C_LANGUAGE_STANDARD = gnu11;
				GCC_NO_COMMON_BLOCKS = YES;
				GCC_WARN_64_TO_32_BIT_CONVERSION = YES;
				GCC_WARN_ABOUT_RETURN_TYPE = YES_ERROR;
				GCC_WARN_UNDECLARED_SELECTOR = YES;
				GCC_WARN_UNINITIALIZED_AUTOS = YES_AGGRESSIVE;
				GCC_WARN_UNUSED_FUNCTION = YES;
				GCC_WARN_UNUSED_VARIABLE = YES;
				IPHONEOS_DEPLOYMENT_TARGET = 14.3;
				MTL_ENABLE_DEBUG_INFO = NO;
				MTL_FAST_MATH = YES;
				SDKROOT = iphoneos;
				SWIFT_COMPILATION_MODE = wholemodule;
				SWIFT_OPTIMIZATION_LEVEL = "-O";
				VALIDATE_PRODUCT = YES;
			};
			name = Release;
		};
		66BB553025F87BE400AF6B82 /* Debug */ = {
			isa = XCBuildConfiguration;
			buildSettings = {
				ASSETCATALOG_COMPILER_APPICON_NAME = AppIcon;
				ASSETCATALOG_COMPILER_GLOBAL_ACCENT_COLOR_NAME = AccentColor;
				CODE_SIGN_STYLE = Automatic;
				INFOPLIST_FILE = DemoTableView.7/Info.plist;
				LD_RUNPATH_SEARCH_PATHS = (
					"$(inherited)",
					"@executable_path/Frameworks",
				);
				PRODUCT_BUNDLE_IDENTIFIER = "com.phenixcrime.DemoTableView-7";
				PRODUCT_NAME = "$(TARGET_NAME)";
				SWIFT_VERSION = 5.0;
				TARGETED_DEVICE_FAMILY = "1,2";
			};
			name = Debug;
		};
		66BB553125F87BE400AF6B82 /* Release */ = {
			isa = XCBuildConfiguration;
			buildSettings = {
				ASSETCATALOG_COMPILER_APPICON_NAME = AppIcon;
				ASSETCATALOG_COMPILER_GLOBAL_ACCENT_COLOR_NAME = AccentColor;
				CODE_SIGN_STYLE = Automatic;
				INFOPLIST_FILE = DemoTableView.7/Info.plist;
				LD_RUNPATH_SEARCH_PATHS = (
					"$(inherited)",
					"@executable_path/Frameworks",
				);
				PRODUCT_BUNDLE_IDENTIFIER = "com.phenixcrime.DemoTableView-7";
				PRODUCT_NAME = "$(TARGET_NAME)";
				SWIFT_VERSION = 5.0;
				TARGETED_DEVICE_FAMILY = "1,2";
			};
			name = Release;
		};
/* End XCBuildConfiguration section */

/* Begin XCConfigurationList section */
		66BB551325F87BE200AF6B82 /* Build configuration list for PBXProject "DemoTableView.7" */ = {
			isa = XCConfigurationList;
			buildConfigurations = (
				66BB552D25F87BE400AF6B82 /* Debug */,
				66BB552E25F87BE400AF6B82 /* Release */,
			);
			defaultConfigurationIsVisible = 0;
			defaultConfigurationName = Release;
		};
		66BB552F25F87BE400AF6B82 /* Build configuration list for PBXNativeTarget "DemoTableView.7" */ = {
			isa = XCConfigurationList;
			buildConfigurations = (
				66BB553025F87BE400AF6B82 /* Debug */,
				66BB553125F87BE400AF6B82 /* Release */,
			);
			defaultConfigurationIsVisible = 0;
			defaultConfigurationName = Release;
		};
/* End XCConfigurationList section */

/* Begin XCVersionGroup section */
		66BB552425F87BE300AF6B82 /* DemoTableView_7.xcdatamodeld */ = {
			isa = XCVersionGroup;
			children = (
				66BB552525F87BE300AF6B82 /* DemoTableView_7.xcdatamodel */,
			);
			currentVersion = 66BB552525F87BE300AF6B82 /* DemoTableView_7.xcdatamodel */;
			path = DemoTableView_7.xcdatamodeld;
			sourceTree = "<group>";
			versionGroupType = wrapper.xcdatamodel;
		};
/* End XCVersionGroup section */
	};
	rootObject = 66BB551025F87BE200AF6B82 /* Project object */;
}
